# This file is autogenerated, do not edit; changes may be undone by the next 'dep ensure'.


[[projects]]
  branch = "master"
  name = "github.com/Armour/go-node-builtins"
  packages = ["cmd/builtins"]
  revision = "4a7225fd1b2b38c65075ed03e546da71afd3a402"

[[projects]]
  name = "github.com/Masterminds/semver"
  packages = ["."]
  revision = "c7af12943936e8c39859482e61f0574c2fd7fc75"
  version = "v1.4.2"

[solve-meta]
  analyzer-name = "dep"
  analyzer-version = 1
  inputs-digest = "9625dfa67c07b045e951ff3e3939d80d2b228cfe21b69027863b7a7f8f35e117"
  solver-name = "gps-cdcl"
  solver-version = 1
